# This file is generated by running "yarn install" inside your project.
# Manual changes might be lost - proceed with caution!

__metadata:
  version: 6
  cacheKey: 8

"esbuild-android-arm64@npm:0.13.12":
  version: 0.13.12
  resolution: "esbuild-android-arm64@npm:0.13.12"
  conditions: os=android & cpu=arm64
  languageName: node
  linkType: hard

"esbuild-darwin-64@npm:0.13.12":
  version: 0.13.12
  resolution: "esbuild-darwin-64@npm:0.13.12"
  conditions: os=darwin & cpu=x64
  languageName: node
  linkType: hard

"esbuild-darwin-arm64@npm:0.13.12":
  version: 0.13.12
  resolution: "esbuild-darwin-arm64@npm:0.13.12"
  conditions: os=darwin & cpu=arm64
  languageName: node
  linkType: hard

"esbuild-freebsd-64@npm:0.13.12":
  version: 0.13.12
  resolution: "esbuild-freebsd-64@npm:0.13.12"
  conditions: os=freebsd & cpu=x64
  languageName: node
  linkType: hard

"esbuild-freebsd-arm64@npm:0.13.12":
  version: 0.13.12
  resolution: "esbuild-freebsd-arm64@npm:0.13.12"
  conditions: os=freebsd & cpu=arm64
  languageName: node
  linkType: hard

"esbuild-linux-32@npm:0.13.12":
  version: 0.13.12
  resolution: "esbuild-linux-32@npm:0.13.12"
  conditions: os=linux & cpu=ia32
  languageName: node
  linkType: hard

"esbuild-linux-64@npm:0.13.12":
  version: 0.13.12
  resolution: "esbuild-linux-64@npm:0.13.12"
  conditions: os=linux & cpu=x64
  languageName: node
  linkType: hard

"esbuild-linux-arm64@npm:0.13.12":
  version: 0.13.12
  resolution: "esbuild-linux-arm64@npm:0.13.12"
  conditions: os=linux & cpu=arm64
  languageName: node
  linkType: hard

"esbuild-linux-arm@npm:0.13.12":
  version: 0.13.12
  resolution: "esbuild-linux-arm@npm:0.13.12"
  conditions: os=linux & cpu=arm
  languageName: node
  linkType: hard

"esbuild-linux-mips64le@npm:0.13.12":
  version: 0.13.12
  resolution: "esbuild-linux-mips64le@npm:0.13.12"
  conditions: os=linux & cpu=mips64el
  languageName: node
  linkType: hard

"esbuild-linux-ppc64le@npm:0.13.12":
  version: 0.13.12
  resolution: "esbuild-linux-ppc64le@npm:0.13.12"
  conditions: os=linux & cpu=ppc64
  languageName: node
  linkType: hard

"esbuild-netbsd-64@npm:0.13.12":
  version: 0.13.12
  resolution: "esbuild-netbsd-64@npm:0.13.12"
  conditions: os=netbsd & cpu=x64
  languageName: node
  linkType: hard

"esbuild-openbsd-64@npm:0.13.12":
  version: 0.13.12
  resolution: "esbuild-openbsd-64@npm:0.13.12"
  conditions: os=openbsd & cpu=x64
  languageName: node
  linkType: hard

"esbuild-sunos-64@npm:0.13.12":
  version: 0.13.12
  resolution: "esbuild-sunos-64@npm:0.13.12"
  conditions: os=sunos & cpu=x64
  languageName: node
  linkType: hard

"esbuild-windows-32@npm:0.13.12":
  version: 0.13.12
  resolution: "esbuild-windows-32@npm:0.13.12"
  conditions: os=win32 & cpu=ia32
  languageName: node
  linkType: hard

"esbuild-windows-64@npm:0.13.12":
  version: 0.13.12
  resolution: "esbuild-windows-64@npm:0.13.12"
  conditions: os=win32 & cpu=x64
  languageName: node
  linkType: hard

"esbuild-windows-arm64@npm:0.13.12":
  version: 0.13.12
  resolution: "esbuild-windows-arm64@npm:0.13.12"
  conditions: os=win32 & cpu=arm64
  languageName: node
  linkType: hard

"esbuild@npm:^0.13.12":
  version: 0.13.12
  resolution: "esbuild@npm:0.13.12"
  dependencies:
    esbuild-android-arm64: 0.13.12
    esbuild-darwin-64: 0.13.12
    esbuild-darwin-arm64: 0.13.12
    esbuild-freebsd-64: 0.13.12
    esbuild-freebsd-arm64: 0.13.12
    esbuild-linux-32: 0.13.12
    esbuild-linux-64: 0.13.12
    esbuild-linux-arm: 0.13.12
    esbuild-linux-arm64: 0.13.12
    esbuild-linux-mips64le: 0.13.12
    esbuild-linux-ppc64le: 0.13.12
    esbuild-netbsd-64: 0.13.12
    esbuild-openbsd-64: 0.13.12
    esbuild-sunos-64: 0.13.12
    esbuild-windows-32: 0.13.12
    esbuild-windows-64: 0.13.12
    esbuild-windows-arm64: 0.13.12
  dependenciesMeta:
    esbuild-android-arm64:
      optional: true
    esbuild-darwin-64:
      optional: true
    esbuild-darwin-arm64:
      optional: true
    esbuild-freebsd-64:
      optional: true
    esbuild-freebsd-arm64:
      optional: true
    esbuild-linux-32:
      optional: true
    esbuild-linux-64:
      optional: true
    esbuild-linux-arm:
      optional: true
    esbuild-linux-arm64:
      optional: true
    esbuild-linux-mips64le:
      optional: true
    esbuild-linux-ppc64le:
      optional: true
    esbuild-netbsd-64:
      optional: true
    esbuild-openbsd-64:
      optional: true
    esbuild-sunos-64:
      optional: true
    esbuild-windows-32:
      optional: true
    esbuild-windows-64:
      optional: true
    esbuild-windows-arm64:
      optional: true
  bin:
    esbuild: bin/esbuild
  checksum: 7ef4ef3e8eec11b832224b8886ccea22f72e89e2d9b59ec45d03bb2a512ca725fdb06e88609884e0721a4b90d1095e3ec898bd6f39a4efa0e2c99770730e0041
  languageName: node
  linkType: hard

"fonts@workspace:.":
  version: 0.0.0-use.local
  resolution: "fonts@workspace:."
  dependencies:
    esbuild: ^0.13.12
  languageName: unknown
  linkType: soft
